
Microsoft Visual Studio Solution File, Format Version 12.00
# Visual Studio Version 16
VisualStudioVersion = 16.0.31025.194
MinimumVisualStudioVersion = 10.0.40219.1
Project("{FAE04EC0-301F-11D3-BF4B-00C04F79EFBC}") = "Semana05.Android", "Semana05\Semana05.Android\Semana05.Android.csproj", "{194401B9-16DE-4D7D-B911-1A20873A7426}"
EndProject
Project("{FAE04EC0-301F-11D3-BF4B-00C04F79EFBC}") = "Semana05.iOS", "Semana05\Semana05.iOS\Semana05.iOS.csproj", "{78FFD3A2-0743-408D-B55D-ACF28A31B877}"
EndProject
Project("{FAE04EC0-301F-11D3-BF4B-00C04F79EFBC}") = "Semana05", "Semana05\Semana05\Semana05.csproj", "{FBD1BE7E-5E50-4B62-A7CF-FE61C6453A3E}"
EndProject
Global
	GlobalSection(SolutionConfigurationPlatforms) = preSolution
		Debug|Any CPU = Debug|Any CPU
		Debug|iPhone = Debug|iPhone
		Debug|iPhoneSimulator = Debug|iPhoneSimulator
		Release|Any CPU = Release|Any CPU
		Release|iPhone = Release|iPhone
		Release|iPhoneSimulator = Release|iPhoneSimulator
	EndGlobalSection
	GlobalSection(ProjectConfigurationPlatforms) = postSolution
		{194401B9-16DE-4D7D-B911-1A20873A7426}.Debug|Any CPU.ActiveCfg = Debug|Any CPU
		{194401B9-16DE-4D7D-B911-1A20873A7426}.Debug|Any CPU.Build.0 = Debug|Any CPU
		{194401B9-16DE-4D7D-B911-1A20873A7426}.Debug|Any CPU.Deploy.0 = Debug|Any CPU
		{194401B9-16DE-4D7D-B911-1A20873A7426}.Debug|iPhone.ActiveCfg = Debug|Any CPU
		{194401B9-16DE-4D7D-B911-1A20873A7426}.Debug|iPhone.Build.0 = Debug|Any CPU
		{194401B9-16DE-4D7D-B911-1A20873A7426}.Debug|iPhone.Deploy.0 = Debug|Any CPU
		{194401B9-16DE-4D7D-B911-1A20873A7426}.Debug|iPhoneSimulator.ActiveCfg = Debug|Any CPU
		{194401B9-16DE-4D7D-B911-1A20873A7426}.Debug|iPhoneSimulator.Build.0 = Debug|Any CPU
		{194401B9-16DE-4D7D-B911-1A20873A7426}.Debug|iPhoneSimulator.Deploy.0 = Debug|Any CPU
		{194401B9-16DE-4D7D-B911-1A20873A7426}.Release|Any CPU.ActiveCfg = Release|Any CPU
		{194401B9-16DE-4D7D-B911-1A20873A7426}.Release|Any CPU.Build.0 = Release|Any CPU
		{194401B9-16DE-4D7D-B911-1A20873A7426}.Release|Any CPU.Deploy.0 = Release|Any CPU
		{194401B9-16DE-4D7D-B911-1A20873A7426}.Release|iPhone.ActiveCfg = Release|Any CPU
		{194401B9-16DE-4D7D-B911-1A20873A7426}.Release|iPhone.Build.0 = Release|Any CPU
		{194401B9-16DE-4D7D-B911-1A20873A7426}.Release|iPhone.Deploy.0 = Release|Any CPU
		{194401B9-16DE-4D7D-B911-1A20873A7426}.Release|iPhoneSimulator.ActiveCfg = Release|Any CPU
		{194401B9-16DE-4D7D-B911-1A20873A7426}.Release|iPhoneSimulator.Build.0 = Release|Any CPU
		{194401B9-16DE-4D7D-B911-1A20873A7426}.Release|iPhoneSimulator.Deploy.0 = Release|Any CPU
		{78FFD3A2-0743-408D-B55D-ACF28A31B877}.Debug|Any CPU.ActiveCfg = Debug|iPhone
		{78FFD3A2-0743-408D-B55D-ACF28A31B877}.Debug|Any CPU.Build.0 = Debug|iPhone
		{78FFD3A2-0743-408D-B55D-ACF28A31B877}.Debug|Any CPU.Deploy.0 = Debug|iPhone
		{78FFD3A2-0743-408D-B55D-ACF28A31B877}.Debug|iPhone.ActiveCfg = Debug|iPhone
		{78FFD3A2-0743-408D-B55D-ACF28A31B877}.Debug|iPhone.Build.0 = Debug|iPhone
		{78FFD3A2-0743-408D-B55D-ACF28A31B877}.Debug|iPhone.Deploy.0 = Debug|iPhone
		{78FFD3A2-0743-408D-B55D-ACF28A31B877}.Debug|iPhoneSimulator.ActiveCfg = Debug|iPhoneSimulator
		{78FFD3A2-0743-408D-B55D-ACF28A31B877}.Debug|iPhoneSimulator.Build.0 = Debug|iPhoneSimulator
		{78FFD3A2-0743-408D-B55D-ACF28A31B877}.Debug|iPhoneSimulator.Deploy.0 = Debug|iPhoneSimulator
		{78FFD3A2-0743-408D-B55D-ACF28A31B877}.Release|Any CPU.ActiveCfg = Release|iPhoneSimulator
		{78FFD3A2-0743-408D-B55D-ACF28A31B877}.Release|Any CPU.Build.0 = Release|iPhoneSimulator
		{78FFD3A2-0743-408D-B55D-ACF28A31B877}.Release|Any CPU.Deploy.0 = Release|iPhoneSimulator
		{78FFD3A2-0743-408D-B55D-ACF28A31B877}.Release|iPhone.ActiveCfg = Release|iPhone
		{78FFD3A2-0743-408D-B55D-ACF28A31B877}.Release|iPhone.Build.0 = Release|iPhone
		{78FFD3A2-0743-408D-B55D-ACF28A31B877}.Release|iPhone.Deploy.0 = Release|iPhone
		{78FFD3A2-0743-408D-B55D-ACF28A31B877}.Release|iPhoneSimulator.ActiveCfg = Release|iPhoneSimulator
		{78FFD3A2-0743-408D-B55D-ACF28A31B877}.Release|iPhoneSimulator.Build.0 = Release|iPhoneSimulator
		{78FFD3A2-0743-408D-B55D-ACF28A31B877}.Release|iPhoneSimulator.Deploy.0 = Release|iPhoneSimulator
		{FBD1BE7E-5E50-4B62-A7CF-FE61C6453A3E}.Debug|Any CPU.ActiveCfg = Debug|Any CPU
		{FBD1BE7E-5E50-4B62-A7CF-FE61C6453A3E}.Debug|Any CPU.Build.0 = Debug|Any CPU
		{FBD1BE7E-5E50-4B62-A7CF-FE61C6453A3E}.Debug|Any CPU.Deploy.0 = Debug|Any CPU
		{FBD1BE7E-5E50-4B62-A7CF-FE61C6453A3E}.Debug|iPhone.ActiveCfg = Debug|Any CPU
		{FBD1BE7E-5E50-4B62-A7CF-FE61C6453A3E}.Debug|iPhone.Build.0 = Debug|Any CPU
		{FBD1BE7E-5E50-4B62-A7CF-FE61C6453A3E}.Debug|iPhone.Deploy.0 = Debug|Any CPU
		{FBD1BE7E-5E50-4B62-A7CF-FE61C6453A3E}.Debug|iPhoneSimulator.ActiveCfg = Debug|Any CPU
		{FBD1BE7E-5E50-4B62-A7CF-FE61C6453A3E}.Debug|iPhoneSimulator.Build.0 = Debug|Any CPU
		{FBD1BE7E-5E50-4B62-A7CF-FE61C6453A3E}.Debug|iPhoneSimulator.Deploy.0 = Debug|Any CPU
		{FBD1BE7E-5E50-4B62-A7CF-FE61C6453A3E}.Release|Any CPU.ActiveCfg = Release|Any CPU
		{FBD1BE7E-5E50-4B62-A7CF-FE61C6453A3E}.Release|Any CPU.Build.0 = Release|Any CPU
		{FBD1BE7E-5E50-4B62-A7CF-FE61C6453A3E}.Release|Any CPU.Deploy.0 = Release|Any CPU
		{FBD1BE7E-5E50-4B62-A7CF-FE61C6453A3E}.Release|iPhone.ActiveCfg = Release|Any CPU
		{FBD1BE7E-5E50-4B62-A7CF-FE61C6453A3E}.Release|iPhone.Build.0 = Release|Any CPU
		{FBD1BE7E-5E50-4B62-A7CF-FE61C6453A3E}.Release|iPhone.Deploy.0 = Release|Any CPU
		{FBD1BE7E-5E50-4B62-A7CF-FE61C6453A3E}.Release|iPhoneSimulator.ActiveCfg = Release|Any CPU
		{FBD1BE7E-5E50-4B62-A7CF-FE61C6453A3E}.Release|iPhoneSimulator.Build.0 = Release|Any CPU
		{FBD1BE7E-5E50-4B62-A7CF-FE61C6453A3E}.Release|iPhoneSimulator.Deploy.0 = Release|Any CPU
	EndGlobalSection
	GlobalSection(SolutionProperties) = preSolution
		HideSolutionNode = FALSE
	EndGlobalSection
	GlobalSection(ExtensibilityGlobals) = postSolution
		SolutionGuid = {6D45B3F1-FC9D-4A20-9F2D-46CB020107F9}
	EndGlobalSection
EndGlobal
